<?xml version="1.0" encoding="utf-8"?>
<Project ToolsVersion="4.0" xmlns="http://schemas.microsoft.com/developer/msbuild/2003">
  <ItemGroup>
    <ClCompile Include="src\driverentry.cpp" />
    <ClCompile Include="src\util.cpp" />
    <ClCompile Include="src\registeredimage.cpp" />
    <ClCompile Include="src\procstatus.cpp" />
    <ClCompile Include="src\ioctl.cpp" />
    <ClCompile Include="src\init.cpp" />
    <ClCompile Include="src\globals.cpp" />
    <ClCompile Include="src\procmgmt.cpp" />
    <ClCompile Include="src\procregistry.cpp" />
    <ClCompile Include="src\shared.cpp" />
    <ClCompile Include="src\validation.cpp" />
    <ClCompile Include="src\firewall\blocking.cpp">
      <Filter>firewall</Filter>
    </ClCompile>
    <ClCompile Include="src\firewall\callouts.cpp">
      <Filter>firewall</Filter>
    </ClCompile>
    <ClCompile Include="src\firewall\context.cpp">
      <Filter>firewall</Filter>
    </ClCompile>
    <ClCompile Include="src\firewall\firewall.cpp">
      <Filter>firewall</Filter>
    </ClCompile>
    <ClCompile Include="src\firewall\splitting.cpp">
      <Filter>firewall</Filter>
    </ClCompile>
  </ItemGroup>
  <ItemGroup>
    <Inf Include="src\mullvad-split-tunnel.inf" />
  </ItemGroup>
  <ItemGroup>
    <ClInclude Include="src\public.h" />
    <ClInclude Include="src\shared.h" />
    <ClInclude Include="src\util.h" />
    <ClInclude Include="src\registeredimage.h" />
    <ClInclude Include="src\procstatus.h" />
    <ClInclude Include="src\ioctl.h" />
    <ClInclude Include="src\init.h" />
    <ClInclude Include="src\globals.h" />
    <ClInclude Include="src\procmgmt.h" />
    <ClInclude Include="src\procregistry.h" />
    <ClInclude Include="src\types.h" />
    <ClInclude Include="src\validation.h" />
    <ClInclude Include="src\firewall\blocking.h">
      <Filter>firewall</Filter>
    </ClInclude>
    <ClInclude Include="src\firewall\identifiers.h">
      <Filter>firewall</Filter>
    </ClInclude>
    <ClInclude Include="src\firewall\constants.h">
      <Filter>firewall</Filter>
    </ClInclude>
    <ClInclude Include="src\firewall\callouts.h">
      <Filter>firewall</Filter>
    </ClInclude>
    <ClInclude Include="src\firewall\firewall.h">
      <Filter>firewall</Filter>
    </ClInclude>
    <ClInclude Include="src\firewall\context.h">
      <Filter>firewall</Filter>
    </ClInclude>
    <ClInclude Include="src\firewall\splitting.h">
      <Filter>firewall</Filter>
    </ClInclude>
    <ClInclude Include="src\firewall\wfp.h">
      <Filter>firewall</Filter>
    </ClInclude>
  </ItemGroup>
  <ItemGroup>
    <Filter Include="firewall">
      <UniqueIdentifier>{928a5c2c-1bf7-4e3c-acc6-8ba6d886c732}</UniqueIdentifier>
    </Filter>
  </ItemGroup>
</Project>